<?xml version="1.0" encoding="utf-8"?>
<Project ToolsVersion="4.0" xmlns="http://schemas.microsoft.com/developer/msbuild/2003">
  <ItemGroup>
    <Filter Include="源文件">
      <UniqueIdentifier>{4FC737F1-C7A5-4376-A066-2A32D752A2FF}</UniqueIdentifier>
      <Extensions>cpp;c;cc;cxx;c++;cppm;ixx;def;odl;idl;hpj;bat;asm;asmx</Extensions>
    </Filter>
    <Filter Include="资源文件">
      <UniqueIdentifier>{67DA6AB6-F800-4c08-8B7A-83BB121AAD01}</UniqueIdentifier>
      <Extensions>rc;ico;cur;bmp;dlg;rc2;rct;bin;rgs;gif;jpg;jpeg;jpe;resx;tiff;tif;png;wav;mfcribbon-ms</Extensions>
    </Filter>
    <Filter Include="Shader">
      <UniqueIdentifier>{5f342197-2e92-45e5-b90c-af46a76ba836}</UniqueIdentifier>
    </Filter>
    <Filter Include="头文件">
      <UniqueIdentifier>{93995380-89BD-4b04-88EB-625FBE52EBFB}</UniqueIdentifier>
      <Extensions>h;hh;hpp;hxx;h++;hm;inl;inc;ipp;xsd</Extensions>
    </Filter>
  </ItemGroup>
  <ItemGroup>
    <None Include="..\Shader\CommonData.hlsl">
      <Filter>Shader</Filter>
    </None>
    <None Include="..\Shader\RenderToTextureMain.hlsl">
      <Filter>Shader</Filter>
    </None>
    <None Include="..\Shader\ShaderMain.hlsl">
      <Filter>Shader</Filter>
    </None>
    <None Include="..\Shader\ShadowMapMain.hlsl">
      <Filter>Shader</Filter>
    </None>
    <None Include="..\Shader\SkyBoxMain.hlsl">
      <Filter>Shader</Filter>
    </None>
  </ItemGroup>
  <ItemGroup>
    <ClCompile Include="Src\Camera.cpp">
      <Filter>源文件</Filter>
    </ClCompile>
    <ClCompile Include="Src\Commond.cpp">
      <Filter>源文件</Filter>
    </ClCompile>
    <ClCompile Include="Src\ConstBufferPool.cpp">
      <Filter>源文件</Filter>
    </ClCompile>
    <ClCompile Include="Src\d3dUtil.cpp">
      <Filter>源文件</Filter>
    </ClCompile>
    <ClCompile Include="Src\DDSTextureLoader12.cpp">
      <Filter>源文件</Filter>
    </ClCompile>
    <ClCompile Include="Src\DefaultPSO.cpp">
      <Filter>源文件</Filter>
    </ClCompile>
    <ClCompile Include="Src\DepthTexture.cpp">
      <Filter>源文件</Filter>
    </ClCompile>
    <ClCompile Include="Src\DescriptorPool.cpp">
      <Filter>源文件</Filter>
    </ClCompile>
    <ClCompile Include="Src\Display.cpp">
      <Filter>源文件</Filter>
    </ClCompile>
    <ClCompile Include="Src\Game.cpp">
      <Filter>源文件</Filter>
    </ClCompile>
    <ClCompile Include="Src\GameTimer.cpp">
      <Filter>源文件</Filter>
    </ClCompile>
    <ClCompile Include="Src\HeapResourceManager.cpp">
      <Filter>源文件</Filter>
    </ClCompile>
    <ClCompile Include="Src\Input.cpp">
      <Filter>源文件</Filter>
    </ClCompile>
    <ClCompile Include="Src\Main.cpp">
      <Filter>源文件</Filter>
    </ClCompile>
    <ClCompile Include="Src\MathHelper.cpp">
      <Filter>源文件</Filter>
    </ClCompile>
    <ClCompile Include="Src\Mesh.cpp">
      <Filter>源文件</Filter>
    </ClCompile>
    <ClCompile Include="Src\Pass.cpp">
      <Filter>源文件</Filter>
    </ClCompile>
    <ClCompile Include="Src\PassPool.cpp">
      <Filter>源文件</Filter>
    </ClCompile>
    <ClCompile Include="Src\PSOPool.cpp">
      <Filter>源文件</Filter>
    </ClCompile>
    <ClCompile Include="Src\RendererFacade.cpp">
      <Filter>源文件</Filter>
    </ClCompile>
    <ClCompile Include="Src\RenderTexture.cpp">
      <Filter>源文件</Filter>
    </ClCompile>
    <ClCompile Include="Src\RootSignature.cpp">
      <Filter>源文件</Filter>
    </ClCompile>
    <ClCompile Include="Src\ShadowMapPSO.cpp">
      <Filter>源文件</Filter>
    </ClCompile>
    <ClCompile Include="Src\SkyboxPSO.cpp">
      <Filter>源文件</Filter>
    </ClCompile>
    <ClCompile Include="Src\Texture.cpp">
      <Filter>源文件</Filter>
    </ClCompile>
    <ClCompile Include="Src\TexturePool.cpp">
      <Filter>源文件</Filter>
    </ClCompile>
  </ItemGroup>
  <ItemGroup>
    <ClInclude Include="Src\Camera.h">
      <Filter>头文件</Filter>
    </ClInclude>
    <ClInclude Include="Src\Commond.h">
      <Filter>头文件</Filter>
    </ClInclude>
    <ClInclude Include="Src\ConstantBuffer.h">
      <Filter>头文件</Filter>
    </ClInclude>
    <ClInclude Include="Src\ConstBufferPool.h">
      <Filter>头文件</Filter>
    </ClInclude>
    <ClInclude Include="Src\ConstValue.h">
      <Filter>头文件</Filter>
    </ClInclude>
    <ClInclude Include="Src\d3dUtil.h">
      <Filter>头文件</Filter>
    </ClInclude>
    <ClInclude Include="Src\d3dx12.h">
      <Filter>头文件</Filter>
    </ClInclude>
    <ClInclude Include="Src\DDSTextureLoader12.h">
      <Filter>头文件</Filter>
    </ClInclude>
    <ClInclude Include="Src\DefaultPSO.h">
      <Filter>头文件</Filter>
    </ClInclude>
    <ClInclude Include="Src\DepthTexture.h">
      <Filter>头文件</Filter>
    </ClInclude>
    <ClInclude Include="Src\DescriptorPool.h">
      <Filter>头文件</Filter>
    </ClInclude>
    <ClInclude Include="Src\Display.h">
      <Filter>头文件</Filter>
    </ClInclude>
    <ClInclude Include="Src\Game.h">
      <Filter>头文件</Filter>
    </ClInclude>
    <ClInclude Include="Src\GameTimer.h">
      <Filter>头文件</Filter>
    </ClInclude>
    <ClInclude Include="Src\HeapResourceManager.h">
      <Filter>头文件</Filter>
    </ClInclude>
    <ClInclude Include="Src\IConstantBuffer.h">
      <Filter>头文件</Filter>
    </ClInclude>
    <ClInclude Include="Src\IndexBuffer.h">
      <Filter>头文件</Filter>
    </ClInclude>
    <ClInclude Include="Src\Input.h">
      <Filter>头文件</Filter>
    </ClInclude>
    <ClInclude Include="Src\IPipelineState.h">
      <Filter>头文件</Filter>
    </ClInclude>
    <ClInclude Include="Src\IResource.h">
      <Filter>头文件</Filter>
    </ClInclude>
    <ClInclude Include="Src\ITexture.h">
      <Filter>头文件</Filter>
    </ClInclude>
    <ClInclude Include="Src\MathHelper.h">
      <Filter>头文件</Filter>
    </ClInclude>
    <ClInclude Include="Src\Mesh.h">
      <Filter>头文件</Filter>
    </ClInclude>
    <ClInclude Include="Src\Pass.h">
      <Filter>头文件</Filter>
    </ClInclude>
    <ClInclude Include="Src\PassPool.h">
      <Filter>头文件</Filter>
    </ClInclude>
    <ClInclude Include="Src\PSOPool.h">
      <Filter>头文件</Filter>
    </ClInclude>
    <ClInclude Include="Src\RendererFacade.h">
      <Filter>头文件</Filter>
    </ClInclude>
    <ClInclude Include="Src\RendererHelper.h">
      <Filter>头文件</Filter>
    </ClInclude>
    <ClInclude Include="Src\RenderObject.h">
      <Filter>头文件</Filter>
    </ClInclude>
    <ClInclude Include="Src\RenderTexture.h">
      <Filter>头文件</Filter>
    </ClInclude>
    <ClInclude Include="Src\RootSignature.h">
      <Filter>头文件</Filter>
    </ClInclude>
    <ClInclude Include="Src\ShadowMapPSO.h">
      <Filter>头文件</Filter>
    </ClInclude>
    <ClInclude Include="Src\SkyboxPSO.h">
      <Filter>头文件</Filter>
    </ClInclude>
    <ClInclude Include="Src\Texture.h">
      <Filter>头文件</Filter>
    </ClInclude>
    <ClInclude Include="Src\TexturePool.h">
      <Filter>头文件</Filter>
    </ClInclude>
    <ClInclude Include="Src\VertexBuffer.h">
      <Filter>头文件</Filter>
    </ClInclude>
    <ClInclude Include="Src\LightPool.h">
      <Filter>头文件</Filter>
    </ClInclude>
  </ItemGroup>
</Project>